
Microsoft Visual Studio Solution File, Format Version 12.00
# Visual Studio Version 16
VisualStudioVersion = 16.0.30611.23
MinimumVisualStudioVersion = 10.0.40219.1
Project("{FAE04EC0-301F-11D3-BF4B-00C04F79EFBC}") = "AccesEFClassLibrary", "AccesEFClassLibrary\AccesEFClassLibrary.csproj", "{5B83521A-4C64-4C8F-92B2-A33234739EEF}"
EndProject
Global
	GlobalSection(SolutionConfigurationPlatforms) = preSolution
		Debug|Any CPU = Debug|Any CPU
		Release|Any CPU = Release|Any CPU
	EndGlobalSection
	GlobalSection(ProjectConfigurationPlatforms) = postSolution
		{5B83521A-4C64-4C8F-92B2-A33234739EEF}.Debug|Any CPU.ActiveCfg = Debug|Any CPU
		{5B83521A-4C64-4C8F-92B2-A33234739EEF}.Debug|Any CPU.Build.0 = Debug|Any CPU
		{5B83521A-4C64-4C8F-92B2-A33234739EEF}.Release|Any CPU.ActiveCfg = Release|Any CPU
		{5B83521A-4C64-4C8F-92B2-A33234739EEF}.Release|Any CPU.Build.0 = Release|Any CPU
	EndGlobalSection
	GlobalSection(SolutionProperties) = preSolution
		HideSolutionNode = FALSE
	EndGlobalSection
	GlobalSection(ExtensibilityGlobals) = postSolution
		SolutionGuid = {F95F17DB-0303-48CE-9FB0-347590D70244}
	EndGlobalSection
EndGlobal
